
Microsoft Visual Studio Solution File, Format Version 12.00
# Visual Studio Version 16
VisualStudioVersion = 16.0.30907.101
MinimumVisualStudioVersion = 10.0.40219.1
Project("{FAE04EC0-301F-11D3-BF4B-00C04F79EFBC}") = "PartDBDataParsing", "PartDBDataParsing\PartDBDataParsing.csproj", "{72F87E37-28A7-4805-834A-0B7F3B8ED955}"
EndProject
Project("{FAE04EC0-301F-11D3-BF4B-00C04F79EFBC}") = "PartDBDataParsingTest", "PartDBDataParsingTest\PartDBDataParsingTest.csproj", "{80133962-4DE6-41B7-996B-DBE649D6F123}"
	ProjectSection(ProjectDependencies) = postProject
		{72F87E37-28A7-4805-834A-0B7F3B8ED955} = {72F87E37-28A7-4805-834A-0B7F3B8ED955}
	EndProjectSection
EndProject
Global
	GlobalSection(SolutionConfigurationPlatforms) = preSolution
		Debug|Any CPU = Debug|Any CPU
		Release|Any CPU = Release|Any CPU
	EndGlobalSection
	GlobalSection(ProjectConfigurationPlatforms) = postSolution
		{72F87E37-28A7-4805-834A-0B7F3B8ED955}.Debug|Any CPU.ActiveCfg = Debug|Any CPU
		{72F87E37-28A7-4805-834A-0B7F3B8ED955}.Debug|Any CPU.Build.0 = Debug|Any CPU
		{72F87E37-28A7-4805-834A-0B7F3B8ED955}.Release|Any CPU.ActiveCfg = Release|Any CPU
		{72F87E37-28A7-4805-834A-0B7F3B8ED955}.Release|Any CPU.Build.0 = Release|Any CPU
		{80133962-4DE6-41B7-996B-DBE649D6F123}.Debug|Any CPU.ActiveCfg = Debug|Any CPU
		{80133962-4DE6-41B7-996B-DBE649D6F123}.Debug|Any CPU.Build.0 = Debug|Any CPU
		{80133962-4DE6-41B7-996B-DBE649D6F123}.Release|Any CPU.ActiveCfg = Release|Any CPU
		{80133962-4DE6-41B7-996B-DBE649D6F123}.Release|Any CPU.Build.0 = Release|Any CPU
	EndGlobalSection
	GlobalSection(SolutionProperties) = preSolution
		HideSolutionNode = FALSE
	EndGlobalSection
	GlobalSection(ExtensibilityGlobals) = postSolution
		SolutionGuid = {B9082AB6-45BA-4AE7-8144-04858674118E}
	EndGlobalSection
EndGlobal
